
Microsoft Visual Studio Solution File, Format Version 12.00
# Visual Studio Version 17
VisualStudioVersion = 17.3.32922.545
MinimumVisualStudioVersion = 10.0.40219.1
Project("{FAE04EC0-301F-11D3-BF4B-00C04F79EFBC}") = "deliverable_two", "deliverable_two\deliverable_two.csproj", "{4F6FFC0F-BD14-49C0-A1D1-0299F5C0605C}"
EndProject
Global
	GlobalSection(SolutionConfigurationPlatforms) = preSolution
		Debug|Any CPU = Debug|Any CPU
		Release|Any CPU = Release|Any CPU
	EndGlobalSection
	GlobalSection(ProjectConfigurationPlatforms) = postSolution
		{4F6FFC0F-BD14-49C0-A1D1-0299F5C0605C}.Debug|Any CPU.ActiveCfg = Debug|Any CPU
		{4F6FFC0F-BD14-49C0-A1D1-0299F5C0605C}.Debug|Any CPU.Build.0 = Debug|Any CPU
		{4F6FFC0F-BD14-49C0-A1D1-0299F5C0605C}.Release|Any CPU.ActiveCfg = Release|Any CPU
		{4F6FFC0F-BD14-49C0-A1D1-0299F5C0605C}.Release|Any CPU.Build.0 = Release|Any CPU
	EndGlobalSection
	GlobalSection(SolutionProperties) = preSolution
		HideSolutionNode = FALSE
	EndGlobalSection
	GlobalSection(ExtensibilityGlobals) = postSolution
		SolutionGuid = {E73FBD33-AAE5-4103-8B6A-A71E920AB150}
	EndGlobalSection
EndGlobal
